{
  "name": "frida-jemalloc",
  "version": "0.0.5",
  "lockfileVersion": 1,
  "requires": true,
  "dependencies": {
    "@types/frida-gum": {
      "version": "14.2.2",
      "resolved": "https://registry.npmjs.org/@types/frida-gum/-/frida-gum-14.2.2.tgz",
      "integrity": "sha512-X4IYfj61+uSPSsxkYT1s0wVflTCcyX6QytpukgpYhTtNuJEp/f2f5wWjEwsZK8lnPtvC2DMj7z6RIUAeRRIH6Q==",
      "dev": true
    },
    "@types/node": {
      "version": "12.12.14",
      "resolved": "https://registry.npmjs.org/@types/node/-/node-12.12.14.tgz",
      "integrity": "sha512-u/SJDyXwuihpwjXy7hOOghagLEV1KdAST6syfnOk6QZAMzZuWZqXy5aYYZbh8Jdpd4escVFP0MvftHNDb9pruA==",
      "dev": true
    },
    "typescript": {
      "version": "3.7.3",
      "resolved": "https://registry.npmjs.org/typescript/-/typescript-3.7.3.tgz",
      "integrity": "sha512-Mcr/Qk7hXqFBXMN7p7Lusj1ktCBydylfQM/FZCk5glCNQJrCUKPkMHdo9R0MTFWsC/4kPFvDS0fDPvukfCkFsw==",
      "dev": true
    }
  }
}
